
Microsoft Visual Studio Solution File, Format Version 12.00
# Visual Studio Version 17
VisualStudioVersion = 17.0.31903.59
MinimumVisualStudioVersion = 10.0.40219.1
Project("{FAE04EC0-301F-11D3-BF4B-00C04F79EFBC}") = "fa-api.Api", "fa-api.Api\fa-api.Api.csproj", "{9AD8B1DC-6953-43C4-AFEA-00DFE81A25B2}"
EndProject
Project("{FAE04EC0-301F-11D3-BF4B-00C04F79EFBC}") = "fa-api.Domain", "fa-api.Domain\fa-api.Domain.csproj", "{7EA08FD8-88A5-4D84-8655-6FA19353CAC3}"
EndProject
Project("{FAE04EC0-301F-11D3-BF4B-00C04F79EFBC}") = "fa-api.Application", "fa-api.Application\fa-api.Application.csproj", "{E3C53FE7-A082-4D6D-8422-2C9FA58432A1}"
EndProject
Project("{FAE04EC0-301F-11D3-BF4B-00C04F79EFBC}") = "fa-api.Infrastructure", "fa-api.Infrastructure\fa-api.Infrastructure.csproj", "{67D08BED-47A8-4F07-BEFB-9CFDFDBAB6EA}"
EndProject
Global
	GlobalSection(SolutionConfigurationPlatforms) = preSolution
		Debug|Any CPU = Debug|Any CPU
		Release|Any CPU = Release|Any CPU
	EndGlobalSection
	GlobalSection(SolutionProperties) = preSolution
		HideSolutionNode = FALSE
	EndGlobalSection
	GlobalSection(ProjectConfigurationPlatforms) = postSolution
		{9AD8B1DC-6953-43C4-AFEA-00DFE81A25B2}.Debug|Any CPU.ActiveCfg = Debug|Any CPU
		{9AD8B1DC-6953-43C4-AFEA-00DFE81A25B2}.Debug|Any CPU.Build.0 = Debug|Any CPU
		{9AD8B1DC-6953-43C4-AFEA-00DFE81A25B2}.Release|Any CPU.ActiveCfg = Release|Any CPU
		{9AD8B1DC-6953-43C4-AFEA-00DFE81A25B2}.Release|Any CPU.Build.0 = Release|Any CPU
		{7EA08FD8-88A5-4D84-8655-6FA19353CAC3}.Debug|Any CPU.ActiveCfg = Debug|Any CPU
		{7EA08FD8-88A5-4D84-8655-6FA19353CAC3}.Debug|Any CPU.Build.0 = Debug|Any CPU
		{7EA08FD8-88A5-4D84-8655-6FA19353CAC3}.Release|Any CPU.ActiveCfg = Release|Any CPU
		{7EA08FD8-88A5-4D84-8655-6FA19353CAC3}.Release|Any CPU.Build.0 = Release|Any CPU
		{E3C53FE7-A082-4D6D-8422-2C9FA58432A1}.Debug|Any CPU.ActiveCfg = Debug|Any CPU
		{E3C53FE7-A082-4D6D-8422-2C9FA58432A1}.Debug|Any CPU.Build.0 = Debug|Any CPU
		{E3C53FE7-A082-4D6D-8422-2C9FA58432A1}.Release|Any CPU.ActiveCfg = Release|Any CPU
		{E3C53FE7-A082-4D6D-8422-2C9FA58432A1}.Release|Any CPU.Build.0 = Release|Any CPU
		{67D08BED-47A8-4F07-BEFB-9CFDFDBAB6EA}.Debug|Any CPU.ActiveCfg = Debug|Any CPU
		{67D08BED-47A8-4F07-BEFB-9CFDFDBAB6EA}.Debug|Any CPU.Build.0 = Debug|Any CPU
		{67D08BED-47A8-4F07-BEFB-9CFDFDBAB6EA}.Release|Any CPU.ActiveCfg = Release|Any CPU
		{67D08BED-47A8-4F07-BEFB-9CFDFDBAB6EA}.Release|Any CPU.Build.0 = Release|Any CPU
	EndGlobalSection
EndGlobal
