Microsoft Visual Studio Solution File, Format Version 12.00
# Visual Studio Version 17
VisualStudioVersion = 17.5.2.0
MinimumVisualStudioVersion = 10.0.40219.1
Project("{2150E333-8FDC-42A3-9474-1A3956D46DE8}") = "src", "src", "{827E0CD3-B72D-47B6-A68D-7590B98EB39B}"
EndProject
Project("{2150E333-8FDC-42A3-9474-1A3956D46DE8}") = "services", "services", "{984BB9B3-3FA3-BE33-9484-CAC21695A33C}"
EndProject
Project("{2150E333-8FDC-42A3-9474-1A3956D46DE8}") = "ItemService", "ItemService", "{19971D87-856C-C339-DC0B-C0A733AD632B}"
EndProject
Project("{2150E333-8FDC-42A3-9474-1A3956D46DE8}") = "src", "src", "{2434FB32-2FF1-518E-4683-D3BA546168E4}"
EndProject
Project("{FAE04EC0-301F-11D3-BF4B-00C04F79EFBC}") = "ItemService.API", "src\services\ItemService\src\ItemService.API\ItemService.API.csproj", "{5E46109A-861E-0C23-CDED-FE1DADEAD486}"
EndProject
Project("{FAE04EC0-301F-11D3-BF4B-00C04F79EFBC}") = "ItemService.Infrastructure", "src\services\ItemService\src\ItemService.Infrastructure\ItemService.Infrastructure.csproj", "{A9CF3836-AC8D-2132-7052-B26641DB7F17}"
EndProject
Project("{FAE04EC0-301F-11D3-BF4B-00C04F79EFBC}") = "ItemService.Application", "src\services\ItemService\src\ItemService.Application\ItemService.Application.csproj", "{C14700A7-F1ED-780C-5EA6-A21011407898}"
EndProject
Project("{FAE04EC0-301F-11D3-BF4B-00C04F79EFBC}") = "ItemService.Domain", "src\services\ItemService\src\ItemService.Domain\ItemService.Domain.csproj", "{036C638E-7651-C2D2-D1C5-DAF4FFFD3C31}"
EndProject
Global
	GlobalSection(SolutionConfigurationPlatforms) = preSolution
		Debug|Any CPU = Debug|Any CPU
		Release|Any CPU = Release|Any CPU
	EndGlobalSection
	GlobalSection(ProjectConfigurationPlatforms) = postSolution
		{5E46109A-861E-0C23-CDED-FE1DADEAD486}.Debug|Any CPU.ActiveCfg = Debug|Any CPU
		{5E46109A-861E-0C23-CDED-FE1DADEAD486}.Debug|Any CPU.Build.0 = Debug|Any CPU
		{5E46109A-861E-0C23-CDED-FE1DADEAD486}.Release|Any CPU.ActiveCfg = Release|Any CPU
		{5E46109A-861E-0C23-CDED-FE1DADEAD486}.Release|Any CPU.Build.0 = Release|Any CPU
		{A9CF3836-AC8D-2132-7052-B26641DB7F17}.Debug|Any CPU.ActiveCfg = Debug|Any CPU
		{A9CF3836-AC8D-2132-7052-B26641DB7F17}.Debug|Any CPU.Build.0 = Debug|Any CPU
		{A9CF3836-AC8D-2132-7052-B26641DB7F17}.Release|Any CPU.ActiveCfg = Release|Any CPU
		{A9CF3836-AC8D-2132-7052-B26641DB7F17}.Release|Any CPU.Build.0 = Release|Any CPU
		{C14700A7-F1ED-780C-5EA6-A21011407898}.Debug|Any CPU.ActiveCfg = Debug|Any CPU
		{C14700A7-F1ED-780C-5EA6-A21011407898}.Debug|Any CPU.Build.0 = Debug|Any CPU
		{C14700A7-F1ED-780C-5EA6-A21011407898}.Release|Any CPU.ActiveCfg = Release|Any CPU
		{C14700A7-F1ED-780C-5EA6-A21011407898}.Release|Any CPU.Build.0 = Release|Any CPU
		{036C638E-7651-C2D2-D1C5-DAF4FFFD3C31}.Debug|Any CPU.ActiveCfg = Debug|Any CPU
		{036C638E-7651-C2D2-D1C5-DAF4FFFD3C31}.Debug|Any CPU.Build.0 = Debug|Any CPU
		{036C638E-7651-C2D2-D1C5-DAF4FFFD3C31}.Release|Any CPU.ActiveCfg = Release|Any CPU
		{036C638E-7651-C2D2-D1C5-DAF4FFFD3C31}.Release|Any CPU.Build.0 = Release|Any CPU
	EndGlobalSection
	GlobalSection(SolutionProperties) = preSolution
		HideSolutionNode = FALSE
	EndGlobalSection
	GlobalSection(NestedProjects) = preSolution
		{984BB9B3-3FA3-BE33-9484-CAC21695A33C} = {827E0CD3-B72D-47B6-A68D-7590B98EB39B}
		{19971D87-856C-C339-DC0B-C0A733AD632B} = {984BB9B3-3FA3-BE33-9484-CAC21695A33C}
		{2434FB32-2FF1-518E-4683-D3BA546168E4} = {19971D87-856C-C339-DC0B-C0A733AD632B}
		{5E46109A-861E-0C23-CDED-FE1DADEAD486} = {2434FB32-2FF1-518E-4683-D3BA546168E4}
		{A9CF3836-AC8D-2132-7052-B26641DB7F17} = {2434FB32-2FF1-518E-4683-D3BA546168E4}
		{C14700A7-F1ED-780C-5EA6-A21011407898} = {2434FB32-2FF1-518E-4683-D3BA546168E4}
		{036C638E-7651-C2D2-D1C5-DAF4FFFD3C31} = {2434FB32-2FF1-518E-4683-D3BA546168E4}
	EndGlobalSection
	GlobalSection(ExtensibilityGlobals) = postSolution
		SolutionGuid = {83DDB1CF-F346-41A4-890E-39225B537810}
	EndGlobalSection
EndGlobal
