
Microsoft Visual Studio Solution File, Format Version 12.00
# Visual Studio Version 17
VisualStudioVersion = 17.0.31903.59
MinimumVisualStudioVersion = 10.0.40219.1
Project("{2150E333-8FDC-42A3-9474-1A3956D46DE8}") = "src", "src", "{C14D6095-AB3D-464F-86A8-BB11C0DFC738}"
EndProject
Project("{2150E333-8FDC-42A3-9474-1A3956D46DE8}") = "ItemsApi", "ItemsApi", "{2DB69303-AA44-41E3-8FAF-8274A78418ED}"
EndProject
Project("{FAE04EC0-301F-11D3-BF4B-00C04F79EFBC}") = "FaMicroservice.Domain", "src\ItemsApi\FaMicroservice.Domain\FaMicroservice.Domain.csproj", "{4491F11F-0222-40C8-B473-D4785E65767E}"
EndProject
Project("{FAE04EC0-301F-11D3-BF4B-00C04F79EFBC}") = "FaMicroservice.Application", "src\ItemsApi\FaMicroservice.Application\FaMicroservice.Application.csproj", "{9B3EB662-4224-4617-ABD9-862708CF6EDE}"
EndProject
Project("{FAE04EC0-301F-11D3-BF4B-00C04F79EFBC}") = "FaMicroservice.Infrastructure", "src\ItemsApi\FaMicroservice.Infrastructure\FaMicroservice.Infrastructure.csproj", "{0339E893-269F-4EB7-B273-F434980A3552}"
EndProject
Project("{FAE04EC0-301F-11D3-BF4B-00C04F79EFBC}") = "FaMicroservice.Common", "src\ItemsApi\FaMicroservice.Common\FaMicroservice.Common.csproj", "{AC41F20C-EA2F-4BEF-A8AB-1573543063DA}"
EndProject
Project("{FAE04EC0-301F-11D3-BF4B-00C04F79EFBC}") = "FaMicroservice.Api", "src\ItemsApi\FaMicroservice.Api\FaMicroservice.Api.csproj", "{474E2A93-B8F0-4E8B-AEE9-6BD90EE394BD}"
EndProject
Global
	GlobalSection(SolutionConfigurationPlatforms) = preSolution
		Debug|Any CPU = Debug|Any CPU
		Release|Any CPU = Release|Any CPU
	EndGlobalSection
	GlobalSection(SolutionProperties) = preSolution
		HideSolutionNode = FALSE
	EndGlobalSection
	GlobalSection(ProjectConfigurationPlatforms) = postSolution
		{4491F11F-0222-40C8-B473-D4785E65767E}.Debug|Any CPU.ActiveCfg = Debug|Any CPU
		{4491F11F-0222-40C8-B473-D4785E65767E}.Debug|Any CPU.Build.0 = Debug|Any CPU
		{4491F11F-0222-40C8-B473-D4785E65767E}.Release|Any CPU.ActiveCfg = Release|Any CPU
		{4491F11F-0222-40C8-B473-D4785E65767E}.Release|Any CPU.Build.0 = Release|Any CPU
		{9B3EB662-4224-4617-ABD9-862708CF6EDE}.Debug|Any CPU.ActiveCfg = Debug|Any CPU
		{9B3EB662-4224-4617-ABD9-862708CF6EDE}.Debug|Any CPU.Build.0 = Debug|Any CPU
		{9B3EB662-4224-4617-ABD9-862708CF6EDE}.Release|Any CPU.ActiveCfg = Release|Any CPU
		{9B3EB662-4224-4617-ABD9-862708CF6EDE}.Release|Any CPU.Build.0 = Release|Any CPU
		{0339E893-269F-4EB7-B273-F434980A3552}.Debug|Any CPU.ActiveCfg = Debug|Any CPU
		{0339E893-269F-4EB7-B273-F434980A3552}.Debug|Any CPU.Build.0 = Debug|Any CPU
		{0339E893-269F-4EB7-B273-F434980A3552}.Release|Any CPU.ActiveCfg = Release|Any CPU
		{0339E893-269F-4EB7-B273-F434980A3552}.Release|Any CPU.Build.0 = Release|Any CPU
		{AC41F20C-EA2F-4BEF-A8AB-1573543063DA}.Debug|Any CPU.ActiveCfg = Debug|Any CPU
		{AC41F20C-EA2F-4BEF-A8AB-1573543063DA}.Debug|Any CPU.Build.0 = Debug|Any CPU
		{AC41F20C-EA2F-4BEF-A8AB-1573543063DA}.Release|Any CPU.ActiveCfg = Release|Any CPU
		{AC41F20C-EA2F-4BEF-A8AB-1573543063DA}.Release|Any CPU.Build.0 = Release|Any CPU
		{474E2A93-B8F0-4E8B-AEE9-6BD90EE394BD}.Debug|Any CPU.ActiveCfg = Debug|Any CPU
		{474E2A93-B8F0-4E8B-AEE9-6BD90EE394BD}.Debug|Any CPU.Build.0 = Debug|Any CPU
		{474E2A93-B8F0-4E8B-AEE9-6BD90EE394BD}.Release|Any CPU.ActiveCfg = Release|Any CPU
		{474E2A93-B8F0-4E8B-AEE9-6BD90EE394BD}.Release|Any CPU.Build.0 = Release|Any CPU
	EndGlobalSection
	GlobalSection(NestedProjects) = preSolution
		{2DB69303-AA44-41E3-8FAF-8274A78418ED} = {C14D6095-AB3D-464F-86A8-BB11C0DFC738}
		{4491F11F-0222-40C8-B473-D4785E65767E} = {2DB69303-AA44-41E3-8FAF-8274A78418ED}
		{9B3EB662-4224-4617-ABD9-862708CF6EDE} = {2DB69303-AA44-41E3-8FAF-8274A78418ED}
		{0339E893-269F-4EB7-B273-F434980A3552} = {2DB69303-AA44-41E3-8FAF-8274A78418ED}
		{AC41F20C-EA2F-4BEF-A8AB-1573543063DA} = {2DB69303-AA44-41E3-8FAF-8274A78418ED}
		{474E2A93-B8F0-4E8B-AEE9-6BD90EE394BD} = {2DB69303-AA44-41E3-8FAF-8274A78418ED}
	EndGlobalSection
EndGlobal
