
Microsoft Visual Studio Solution File, Format Version 12.00
# Visual Studio Version 17
VisualStudioVersion = 17.0.31903.59
MinimumVisualStudioVersion = 10.0.40219.1
Project("{2150E333-8FDC-42A3-9474-1A3956D46DE8}") = "src", "src", "{19007369-C525-4960-A1FF-17B3092B9B1A}"
EndProject
Project("{2150E333-8FDC-42A3-9474-1A3956D46DE8}") = "Services", "Services", "{E5B64613-C277-4018-BCD2-CED4C3D78C05}"
EndProject
Project("{2150E333-8FDC-42A3-9474-1A3956D46DE8}") = "AccountService", "AccountService", "{00FD6D62-61FE-4848-9F2D-9CCFA931530B}"
EndProject
Project("{FAE04EC0-301F-11D3-BF4B-00C04F79EFBC}") = "AccountService.Api", "src\Services\AccountService\AccountService.Api\AccountService.Api.csproj", "{7FA8CDFA-B289-4D3E-93D4-B74BAF3B5045}"
EndProject
Project("{FAE04EC0-301F-11D3-BF4B-00C04F79EFBC}") = "AccountService.Domain", "src\Services\AccountService\AccountService.Domain\AccountService.Domain.csproj", "{D3553F28-DC06-488C-8B4D-61033ED6912E}"
EndProject
Project("{FAE04EC0-301F-11D3-BF4B-00C04F79EFBC}") = "AccountService.Application", "src\Services\AccountService\AccountService.Application\AccountService.Application.csproj", "{9C4955D1-95BC-46BF-A720-11A4A345592D}"
EndProject
Project("{FAE04EC0-301F-11D3-BF4B-00C04F79EFBC}") = "AccountService.Infrastructure", "src\Services\AccountService\AccountService.Infrastructure\AccountService.Infrastructure.csproj", "{3E149003-3526-4BFB-A6FF-875A21AC581F}"
EndProject
Project("{FAE04EC0-301F-11D3-BF4B-00C04F79EFBC}") = "AccountService.Ioc", "src\Services\AccountService\AccountService.Ioc\AccountService.Ioc.csproj", "{0300AB22-070F-44AD-B0BC-62C0CD0C619C}"
EndProject
Project("{FAE04EC0-301F-11D3-BF4B-00C04F79EFBC}") = "AccountService.Tests", "src\Services\AccountService\AccountService.Tests\AccountService.Tests.csproj", "{80C08808-AA78-449B-855B-44531D8BF4D6}"
EndProject
Global
	GlobalSection(SolutionConfigurationPlatforms) = preSolution
		Debug|Any CPU = Debug|Any CPU
		Release|Any CPU = Release|Any CPU
	EndGlobalSection
	GlobalSection(SolutionProperties) = preSolution
		HideSolutionNode = FALSE
	EndGlobalSection
	GlobalSection(ProjectConfigurationPlatforms) = postSolution
		{7FA8CDFA-B289-4D3E-93D4-B74BAF3B5045}.Debug|Any CPU.ActiveCfg = Debug|Any CPU
		{7FA8CDFA-B289-4D3E-93D4-B74BAF3B5045}.Debug|Any CPU.Build.0 = Debug|Any CPU
		{7FA8CDFA-B289-4D3E-93D4-B74BAF3B5045}.Release|Any CPU.ActiveCfg = Release|Any CPU
		{7FA8CDFA-B289-4D3E-93D4-B74BAF3B5045}.Release|Any CPU.Build.0 = Release|Any CPU
		{D3553F28-DC06-488C-8B4D-61033ED6912E}.Debug|Any CPU.ActiveCfg = Debug|Any CPU
		{D3553F28-DC06-488C-8B4D-61033ED6912E}.Debug|Any CPU.Build.0 = Debug|Any CPU
		{D3553F28-DC06-488C-8B4D-61033ED6912E}.Release|Any CPU.ActiveCfg = Release|Any CPU
		{D3553F28-DC06-488C-8B4D-61033ED6912E}.Release|Any CPU.Build.0 = Release|Any CPU
		{9C4955D1-95BC-46BF-A720-11A4A345592D}.Debug|Any CPU.ActiveCfg = Debug|Any CPU
		{9C4955D1-95BC-46BF-A720-11A4A345592D}.Debug|Any CPU.Build.0 = Debug|Any CPU
		{9C4955D1-95BC-46BF-A720-11A4A345592D}.Release|Any CPU.ActiveCfg = Release|Any CPU
		{9C4955D1-95BC-46BF-A720-11A4A345592D}.Release|Any CPU.Build.0 = Release|Any CPU
		{3E149003-3526-4BFB-A6FF-875A21AC581F}.Debug|Any CPU.ActiveCfg = Debug|Any CPU
		{3E149003-3526-4BFB-A6FF-875A21AC581F}.Debug|Any CPU.Build.0 = Debug|Any CPU
		{3E149003-3526-4BFB-A6FF-875A21AC581F}.Release|Any CPU.ActiveCfg = Release|Any CPU
		{3E149003-3526-4BFB-A6FF-875A21AC581F}.Release|Any CPU.Build.0 = Release|Any CPU
		{0300AB22-070F-44AD-B0BC-62C0CD0C619C}.Debug|Any CPU.ActiveCfg = Debug|Any CPU
		{0300AB22-070F-44AD-B0BC-62C0CD0C619C}.Debug|Any CPU.Build.0 = Debug|Any CPU
		{0300AB22-070F-44AD-B0BC-62C0CD0C619C}.Release|Any CPU.ActiveCfg = Release|Any CPU
		{0300AB22-070F-44AD-B0BC-62C0CD0C619C}.Release|Any CPU.Build.0 = Release|Any CPU
		{80C08808-AA78-449B-855B-44531D8BF4D6}.Debug|Any CPU.ActiveCfg = Debug|Any CPU
		{80C08808-AA78-449B-855B-44531D8BF4D6}.Debug|Any CPU.Build.0 = Debug|Any CPU
		{80C08808-AA78-449B-855B-44531D8BF4D6}.Release|Any CPU.ActiveCfg = Release|Any CPU
		{80C08808-AA78-449B-855B-44531D8BF4D6}.Release|Any CPU.Build.0 = Release|Any CPU
	EndGlobalSection
	GlobalSection(NestedProjects) = preSolution
		{E5B64613-C277-4018-BCD2-CED4C3D78C05} = {19007369-C525-4960-A1FF-17B3092B9B1A}
		{00FD6D62-61FE-4848-9F2D-9CCFA931530B} = {E5B64613-C277-4018-BCD2-CED4C3D78C05}
		{7FA8CDFA-B289-4D3E-93D4-B74BAF3B5045} = {00FD6D62-61FE-4848-9F2D-9CCFA931530B}
		{D3553F28-DC06-488C-8B4D-61033ED6912E} = {00FD6D62-61FE-4848-9F2D-9CCFA931530B}
		{9C4955D1-95BC-46BF-A720-11A4A345592D} = {00FD6D62-61FE-4848-9F2D-9CCFA931530B}
		{3E149003-3526-4BFB-A6FF-875A21AC581F} = {00FD6D62-61FE-4848-9F2D-9CCFA931530B}
		{0300AB22-070F-44AD-B0BC-62C0CD0C619C} = {00FD6D62-61FE-4848-9F2D-9CCFA931530B}
		{80C08808-AA78-449B-855B-44531D8BF4D6} = {00FD6D62-61FE-4848-9F2D-9CCFA931530B}
	EndGlobalSection
EndGlobal
