
Microsoft Visual Studio Solution File, Format Version 12.00
# Visual Studio Version 17
VisualStudioVersion = 17.0.31903.59
MinimumVisualStudioVersion = 10.0.40219.1
Project("{2150E333-8FDC-42A3-9474-1A3956D46DE8}") = "src", "src", "{4D881941-83A0-497C-AA18-E3E26A422866}"
EndProject
Project("{FAE04EC0-301F-11D3-BF4B-00C04F79EFBC}") = "SampleService.Api", "src\SampleService.Api\SampleService.Api.csproj", "{7702F879-663C-46DB-876F-EB918BC8BD84}"
EndProject
Global
	GlobalSection(SolutionConfigurationPlatforms) = preSolution
		Debug|Any CPU = Debug|Any CPU
		Release|Any CPU = Release|Any CPU
	EndGlobalSection
	GlobalSection(SolutionProperties) = preSolution
		HideSolutionNode = FALSE
	EndGlobalSection
	GlobalSection(ProjectConfigurationPlatforms) = postSolution
		{7702F879-663C-46DB-876F-EB918BC8BD84}.Debug|Any CPU.ActiveCfg = Debug|Any CPU
		{7702F879-663C-46DB-876F-EB918BC8BD84}.Debug|Any CPU.Build.0 = Debug|Any CPU
		{7702F879-663C-46DB-876F-EB918BC8BD84}.Release|Any CPU.ActiveCfg = Release|Any CPU
		{7702F879-663C-46DB-876F-EB918BC8BD84}.Release|Any CPU.Build.0 = Release|Any CPU
	EndGlobalSection
	GlobalSection(NestedProjects) = preSolution
		{7702F879-663C-46DB-876F-EB918BC8BD84} = {4D881941-83A0-497C-AA18-E3E26A422866}
	EndGlobalSection
EndGlobal
