
Microsoft Visual Studio Solution File, Format Version 12.00
# Visual Studio Version 17
VisualStudioVersion = 17.0.31903.59
MinimumVisualStudioVersion = 10.0.40219.1
Project("{2150E333-8FDC-42A3-9474-1A3956D46DE8}") = "src", "src", "{036CB6E3-A963-4F20-AF99-E9B406DCB5E8}"
EndProject
Project("{FAE04EC0-301F-11D3-BF4B-00C04F79EFBC}") = "ItemService.Domain", "src\ItemService.Domain\ItemService.Domain.csproj", "{797A7612-CEF4-48B3-BA96-1D2DB4242F05}"
EndProject
Project("{FAE04EC0-301F-11D3-BF4B-00C04F79EFBC}") = "ItemService.Application", "src\ItemService.Application\ItemService.Application.csproj", "{93BD1491-39AC-4792-B6E4-9341378B4B82}"
EndProject
Project("{FAE04EC0-301F-11D3-BF4B-00C04F79EFBC}") = "ItemService.Infrastructure", "src\ItemService.Infrastructure\ItemService.Infrastructure.csproj", "{C9144C39-DB0B-451B-B2CB-653E73514C3C}"
EndProject
Project("{FAE04EC0-301F-11D3-BF4B-00C04F79EFBC}") = "ItemService.Api", "src\ItemService.Api\ItemService.Api.csproj", "{F78956C7-E3A3-4A39-9082-A679800776C4}"
EndProject
Global
	GlobalSection(SolutionConfigurationPlatforms) = preSolution
		Debug|Any CPU = Debug|Any CPU
		Release|Any CPU = Release|Any CPU
	EndGlobalSection
	GlobalSection(SolutionProperties) = preSolution
		HideSolutionNode = FALSE
	EndGlobalSection
	GlobalSection(ProjectConfigurationPlatforms) = postSolution
		{797A7612-CEF4-48B3-BA96-1D2DB4242F05}.Debug|Any CPU.ActiveCfg = Debug|Any CPU
		{797A7612-CEF4-48B3-BA96-1D2DB4242F05}.Debug|Any CPU.Build.0 = Debug|Any CPU
		{797A7612-CEF4-48B3-BA96-1D2DB4242F05}.Release|Any CPU.ActiveCfg = Release|Any CPU
		{797A7612-CEF4-48B3-BA96-1D2DB4242F05}.Release|Any CPU.Build.0 = Release|Any CPU
		{93BD1491-39AC-4792-B6E4-9341378B4B82}.Debug|Any CPU.ActiveCfg = Debug|Any CPU
		{93BD1491-39AC-4792-B6E4-9341378B4B82}.Debug|Any CPU.Build.0 = Debug|Any CPU
		{93BD1491-39AC-4792-B6E4-9341378B4B82}.Release|Any CPU.ActiveCfg = Release|Any CPU
		{93BD1491-39AC-4792-B6E4-9341378B4B82}.Release|Any CPU.Build.0 = Release|Any CPU
		{C9144C39-DB0B-451B-B2CB-653E73514C3C}.Debug|Any CPU.ActiveCfg = Debug|Any CPU
		{C9144C39-DB0B-451B-B2CB-653E73514C3C}.Debug|Any CPU.Build.0 = Debug|Any CPU
		{C9144C39-DB0B-451B-B2CB-653E73514C3C}.Release|Any CPU.ActiveCfg = Release|Any CPU
		{C9144C39-DB0B-451B-B2CB-653E73514C3C}.Release|Any CPU.Build.0 = Release|Any CPU
		{F78956C7-E3A3-4A39-9082-A679800776C4}.Debug|Any CPU.ActiveCfg = Debug|Any CPU
		{F78956C7-E3A3-4A39-9082-A679800776C4}.Debug|Any CPU.Build.0 = Debug|Any CPU
		{F78956C7-E3A3-4A39-9082-A679800776C4}.Release|Any CPU.ActiveCfg = Release|Any CPU
		{F78956C7-E3A3-4A39-9082-A679800776C4}.Release|Any CPU.Build.0 = Release|Any CPU
	EndGlobalSection
	GlobalSection(NestedProjects) = preSolution
		{797A7612-CEF4-48B3-BA96-1D2DB4242F05} = {036CB6E3-A963-4F20-AF99-E9B406DCB5E8}
		{93BD1491-39AC-4792-B6E4-9341378B4B82} = {036CB6E3-A963-4F20-AF99-E9B406DCB5E8}
		{C9144C39-DB0B-451B-B2CB-653E73514C3C} = {036CB6E3-A963-4F20-AF99-E9B406DCB5E8}
		{F78956C7-E3A3-4A39-9082-A679800776C4} = {036CB6E3-A963-4F20-AF99-E9B406DCB5E8}
	EndGlobalSection
EndGlobal
