
Microsoft Visual Studio Solution File, Format Version 12.00
# Visual Studio Version 17
VisualStudioVersion = 17.0.31903.59
MinimumVisualStudioVersion = 10.0.40219.1
Project("{2150E333-8FDC-42A3-9474-1A3956D46DE8}") = "src", "src", "{C187E800-8A07-443B-97D1-056354995A28}"
EndProject
Project("{FAE04EC0-301F-11D3-BF4B-00C04F79EFBC}") = "GraphqlService.Api", "src\GraphqlService.Api\GraphqlService.Api.csproj", "{067CC437-7069-418F-975D-0E01C82EC884}"
EndProject
Global
	GlobalSection(SolutionConfigurationPlatforms) = preSolution
		Debug|Any CPU = Debug|Any CPU
		Release|Any CPU = Release|Any CPU
	EndGlobalSection
	GlobalSection(SolutionProperties) = preSolution
		HideSolutionNode = FALSE
	EndGlobalSection
	GlobalSection(ProjectConfigurationPlatforms) = postSolution
		{067CC437-7069-418F-975D-0E01C82EC884}.Debug|Any CPU.ActiveCfg = Debug|Any CPU
		{067CC437-7069-418F-975D-0E01C82EC884}.Debug|Any CPU.Build.0 = Debug|Any CPU
		{067CC437-7069-418F-975D-0E01C82EC884}.Release|Any CPU.ActiveCfg = Release|Any CPU
		{067CC437-7069-418F-975D-0E01C82EC884}.Release|Any CPU.Build.0 = Release|Any CPU
	EndGlobalSection
	GlobalSection(NestedProjects) = preSolution
		{067CC437-7069-418F-975D-0E01C82EC884} = {C187E800-8A07-443B-97D1-056354995A28}
	EndGlobalSection
EndGlobal
